
Microsoft Visual Studio Solution File, Format Version 12.00
# Visual Studio Version 16
VisualStudioVersion = 16.0.30204.135
MinimumVisualStudioVersion = 10.0.40219.1
Project("{FAE04EC0-301F-11D3-BF4B-00C04F79EFBC}") = "FacultyMIS_PROJECT", "FacultyMIS_PROJECT\FacultyMIS_PROJECT.csproj", "{F143051D-D988-4F21-94BE-3FA280ABD150}"
EndProject
Global
	GlobalSection(SolutionConfigurationPlatforms) = preSolution
		Debug|Any CPU = Debug|Any CPU
		Debug|x64 = Debug|x64
		Debug|x86 = Debug|x86
		Release|Any CPU = Release|Any CPU
		Release|x64 = Release|x64
		Release|x86 = Release|x86
	EndGlobalSection
	GlobalSection(ProjectConfigurationPlatforms) = postSolution
		{F143051D-D988-4F21-94BE-3FA280ABD150}.Debug|Any CPU.ActiveCfg = Debug|Any CPU
		{F143051D-D988-4F21-94BE-3FA280ABD150}.Debug|Any CPU.Build.0 = Debug|Any CPU
		{F143051D-D988-4F21-94BE-3FA280ABD150}.Debug|x64.ActiveCfg = Debug|x64
		{F143051D-D988-4F21-94BE-3FA280ABD150}.Debug|x64.Build.0 = Debug|x64
		{F143051D-D988-4F21-94BE-3FA280ABD150}.Debug|x86.ActiveCfg = Debug|x86
		{F143051D-D988-4F21-94BE-3FA280ABD150}.Debug|x86.Build.0 = Debug|x86
		{F143051D-D988-4F21-94BE-3FA280ABD150}.Release|Any CPU.ActiveCfg = Release|Any CPU
		{F143051D-D988-4F21-94BE-3FA280ABD150}.Release|Any CPU.Build.0 = Release|Any CPU
		{F143051D-D988-4F21-94BE-3FA280ABD150}.Release|x64.ActiveCfg = Release|x64
		{F143051D-D988-4F21-94BE-3FA280ABD150}.Release|x64.Build.0 = Release|x64
		{F143051D-D988-4F21-94BE-3FA280ABD150}.Release|x86.ActiveCfg = Release|x86
		{F143051D-D988-4F21-94BE-3FA280ABD150}.Release|x86.Build.0 = Release|x86
	EndGlobalSection
	GlobalSection(SolutionProperties) = preSolution
		HideSolutionNode = FALSE
	EndGlobalSection
	GlobalSection(ExtensibilityGlobals) = postSolution
		SolutionGuid = {FC65B5B5-15C9-48A1-8B53-3C1C5B3EEAF7}
	EndGlobalSection
EndGlobal
